{
  "name": "@hcengineering/scripts",
  "version": "0.7.3",
  "lockfileVersion": 3,
  "requires": true,
  "packages": {
    "": {
      "name": "@hcengineering/scripts",
      "version": "0.7.3",
      "devDependencies": {
        "@hcengineering/platform-rig": "^0.7.10",
        "istanbul-lib-coverage": "^3.2.2",
        "istanbul-lib-report": "^3.0.1",
        "istanbul-reports": "^3.2.0",
        "lcov-parse": "^1.0.0"
      }
    },
    "../temp/node_modules/.pnpm/@hcengineering+platform-rig@0.7.10/node_modules/@hcengineering/platform-rig": {
      "version": "0.7.10",
      "dev": true,
      "dependencies": {
        "@typescript-eslint/eslint-plugin": "^6.11.0",
        "@typescript-eslint/parser": "^6.11.0",
        "esbuild": "^0.25.9",
        "esbuild-plugin-copy": "^2.1.1",
        "eslint": "^8.54.0",
        "eslint-config-standard-with-typescript": "^40.0.0",
        "eslint-plugin-import": "^2.26.0",
        "eslint-plugin-n": "^15.4.0",
        "eslint-plugin-promise": "^6.1.1",
        "prettier": "^3.1.0",
        "typescript": "^5.8.3"
      },
      "bin": {
        "bump-changes-from-tag": "bin/bump-changes-from-tag.js",
        "bump-package-version": "bin/bump-package-version.js",
        "compile": "bin/compile.js",
        "do-svelte-check": "bin/do-svelte-check.js",
        "format": "bin/format.js"
      }
    },
    "node_modules/@hcengineering/platform-rig": {
      "resolved": "../temp/node_modules/.pnpm/@hcengineering+platform-rig@0.7.10/node_modules/@hcengineering/platform-rig",
      "link": true
    },
    "node_modules/has-flag": {
      "version": "4.0.0",
      "resolved": "https://registry.npmjs.org/has-flag/-/has-flag-4.0.0.tgz",
      "integrity": "sha512-EykJT/Q1KjTWctppgIAgfSO0tKVuZUjhgMr17kqTumMl6Afv3EISleU7qZUzoXDFTAHTDC4NOoG/ZxU3EvlMPQ==",
      "dev": true,
      "license": "MIT",
      "engines": {
        "node": ">=8"
      }
    },
    "node_modules/html-escaper": {
      "version": "2.0.2",
      "resolved": "https://registry.npmjs.org/html-escaper/-/html-escaper-2.0.2.tgz",
      "integrity": "sha512-H2iMtd0I4Mt5eYiapRdIDjp+XzelXQ0tFE4JS7YFwFevXXMmOp9myNrUvCg0D6ws8iqkRPBfKHgbwig1SmlLfg==",
      "dev": true,
      "license": "MIT"
    },
    "node_modules/istanbul-lib-coverage": {
      "version": "3.2.2",
      "resolved": "https://registry.npmjs.org/istanbul-lib-coverage/-/istanbul-lib-coverage-3.2.2.tgz",
      "integrity": "sha512-O8dpsF+r0WV/8MNRKfnmrtCWhuKjxrq2w+jpzBL5UZKTi2LeVWnWOmWRxFlesJONmc+wLAGvKQZEOanko0LFTg==",
      "dev": true,
      "license": "BSD-3-Clause",
      "engines": {
        "node": ">=8"
      }
    },
    "node_modules/istanbul-lib-report": {
      "version": "3.0.1",
      "resolved": "https://registry.npmjs.org/istanbul-lib-report/-/istanbul-lib-report-3.0.1.tgz",
      "integrity": "sha512-GCfE1mtsHGOELCU8e/Z7YWzpmybrx/+dSTfLrvY8qRmaY6zXTKWn6WQIjaAFw069icm6GVMNkgu0NzI4iPZUNw==",
      "dev": true,
      "license": "BSD-3-Clause",
      "dependencies": {
        "istanbul-lib-coverage": "^3.0.0",
        "make-dir": "^4.0.0",
        "supports-color": "^7.1.0"
      },
      "engines": {
        "node": ">=10"
      }
    },
    "node_modules/istanbul-reports": {
      "version": "3.2.0",
      "resolved": "https://registry.npmjs.org/istanbul-reports/-/istanbul-reports-3.2.0.tgz",
      "integrity": "sha512-HGYWWS/ehqTV3xN10i23tkPkpH46MLCIMFNCaaKNavAXTF1RkqxawEPtnjnGZ6XKSInBKkiOA5BKS+aZiY3AvA==",
      "dev": true,
      "license": "BSD-3-Clause",
      "dependencies": {
        "html-escaper": "^2.0.0",
        "istanbul-lib-report": "^3.0.0"
      },
      "engines": {
        "node": ">=8"
      }
    },
    "node_modules/lcov-parse": {
      "version": "1.0.0",
      "resolved": "https://registry.npmjs.org/lcov-parse/-/lcov-parse-1.0.0.tgz",
      "integrity": "sha512-aprLII/vPzuQvYZnDRU78Fns9I2Ag3gi4Ipga/hxnVMCZC8DnR2nI7XBqrPoywGfxqIx/DgarGvDJZAD3YBTgQ==",
      "dev": true,
      "license": "BSD-3-Clause",
      "bin": {
        "lcov-parse": "bin/cli.js"
      }
    },
    "node_modules/make-dir": {
      "version": "4.0.0",
      "resolved": "https://registry.npmjs.org/make-dir/-/make-dir-4.0.0.tgz",
      "integrity": "sha512-hXdUTZYIVOt1Ex//jAQi+wTZZpUpwBj/0QsOzqegb3rGMMeJiSEu5xLHnYfBrRV4RH2+OCSOO95Is/7x1WJ4bw==",
      "dev": true,
      "license": "MIT",
      "dependencies": {
        "semver": "^7.5.3"
      },
      "engines": {
        "node": ">=10"
      },
      "funding": {
        "url": "https://github.com/sponsors/sindresorhus"
      }
    },
    "node_modules/semver": {
      "version": "7.7.3",
      "resolved": "https://registry.npmjs.org/semver/-/semver-7.7.3.tgz",
      "integrity": "sha512-SdsKMrI9TdgjdweUSR9MweHA4EJ8YxHn8DFaDisvhVlUOe4BF1tLD7GAj0lIqWVl+dPb/rExr0Btby5loQm20Q==",
      "dev": true,
      "license": "ISC",
      "bin": {
        "semver": "bin/semver.js"
      },
      "engines": {
        "node": ">=10"
      }
    },
    "node_modules/supports-color": {
      "version": "7.2.0",
      "resolved": "https://registry.npmjs.org/supports-color/-/supports-color-7.2.0.tgz",
      "integrity": "sha512-qpCAvRl9stuOHveKsn7HncJRvv501qIacKzQlO/+Lwxc9+0q2wLyv4Dfvt80/DPn2pqOBsJdDiogXGR9+OvwRw==",
      "dev": true,
      "license": "MIT",
      "dependencies": {
        "has-flag": "^4.0.0"
      },
      "engines": {
        "node": ">=8"
      }
    }
  }
}
