lockfileVersion: '9.0'

settings:
  autoInstallPeers: true
  excludeLinksFromLockfile: false

importers:

  .:
    dependencies:
      '@videojs/http-streaming':
        specifier: ^3.15.0
        version: 3.15.0(video.js@8.21.0)
      '@videojs/themes':
        specifier: ^1.0.1
        version: 1.0.1
      '@vime/core':
        specifier: ^5.4.1
        version: 5.4.1
      '@vime/svelte':
        specifier: ^5.4.1
        version: 5.4.1(@vime/core@5.4.1)(svelte@4.2.19)
      jb-videojs-hls-quality-selector:
        specifier: ^2.0.2
        version: 2.0.2
      plyr:
        specifier: ^3.7.8
        version: 3.7.8
      shaka-player:
        specifier: ^4.13.6
        version: 4.13.6
      svelte:
        specifier: ^4.2.19
        version: 4.2.19
      video.js:
        specifier: ^8.21.0
        version: 8.21.0
      videojs:
        specifier: ^1.0.0
        version: 1.0.0(grunt@0.4.5)
      videojs-contrib-hls:
        specifier: ^5.15.0
        version: 5.15.0
      videojs-contrib-quality-levels:
        specifier: ^4.1.0
        version: 4.1.0(video.js@8.21.0)
      videojs-hls-quality-selector:
        specifier: ^2.0.0
        version: 2.0.0

packages:

  '@ampproject/remapping@2.3.0':
    resolution: {integrity: sha512-30iZtAPgz+LTIYoeivqYo853f02jBYSd5uGnGpkFV0M3xOt9aN73erkgYAmZU43x4VfqcnLxW9Kpg3R5LC4YYw==}
    engines: {node: '>=6.0.0'}

  '@babel/runtime@7.26.9':
    resolution: {integrity: sha512-aA63XwOkcl4xxQa3HjPMqOP6LiK0ZDv3mUPYEFXkpHbaFjtGggE1A61FjFzJnB+p7/oy2gA8E+rcBNl/zC1tMg==}
    engines: {node: '>=6.9.0'}

  '@jridgewell/gen-mapping@0.3.8':
    resolution: {integrity: sha512-imAbBGkb+ebQyxKgzv5Hu2nmROxoDOXHh80evxdoXNOrvAnVx7zimzc1Oo5h9RlfV4vPXaE2iM5pOFbvOCClWA==}
    engines: {node: '>=6.0.0'}

  '@jridgewell/resolve-uri@3.1.2':
    resolution: {integrity: sha512-bRISgCIjP20/tbWSPWMEi54QVPRZExkuD9lJL+UIxUKtwVJA8wW1Trb1jMs1RFXo1CBTNZ/5hpC9QvmKWdopKw==}
    engines: {node: '>=6.0.0'}

  '@jridgewell/set-array@1.2.1':
    resolution: {integrity: sha512-R8gLRTZeyp03ymzP/6Lil/28tGeGEzhx1q2k703KGWRAI1VdvPIXdG70VJc2pAMw3NA6JKL5hhFu1sJX0Mnn/A==}
    engines: {node: '>=6.0.0'}

  '@jridgewell/sourcemap-codec@1.5.0':
    resolution: {integrity: sha512-gv3ZRaISU3fjPAgNsriBRqGWQL6quFx04YMPW/zD8XMLsU32mhCCbfbO6KZFLjvYpCZ8zyDEgqsgf+PwPaM7GQ==}

  '@jridgewell/trace-mapping@0.3.25':
    resolution: {integrity: sha512-vNk6aEwybGtawWmy/PzwnGDOjCkLWSD2wqvjGGAgOAwCGWySYXfYoxt00IJkTF+8Lb57DwOb3Aa0o9CApepiYQ==}

  '@stencil/core@2.5.2':
    resolution: {integrity: sha512-bgjPXkSzzg1WnTgVUm6m5ZzpKt602WmA/QljODAW1xVN40OHJdbGblzF/F6MFzqv2c5Cy30CB41arc8qADIdcQ==}
    engines: {node: '>=12.10.0', npm: '>=6.0.0'}
    hasBin: true

  '@types/estree@1.0.6':
    resolution: {integrity: sha512-AYnb1nQyY49te+VRAVgmzfcgjYS91mY5P0TKUDCLEM+gNnA+3T6rWITXRLYCpahpqSQbN5cE+gHpnPyXjHWxcw==}

  '@types/fscreen@1.0.4':
    resolution: {integrity: sha512-TsjxyAUvlvuQyao9vNk0yES4nY07K9xoAbkhgXU948JG39EqlLxniWuW9OiZde9Q8ACSpu3fmbXXRAfb/l/HqQ==}

  '@videojs/http-streaming@3.15.0':
    resolution: {integrity: sha512-6rjaqEa87gVFqDFsHaLKXGrDqL3NhNZRNi6wkMw+uyt1lrLD2OFY0SfRQRNl7Vmmx0pt5FRJoRJYlnKsowyElA==}
    engines: {node: '>=8', npm: '>=5'}
    peerDependencies:
      video.js: ^8.19.0

  '@videojs/http-streaming@3.17.0':
    resolution: {integrity: sha512-Ch1P3tvvIEezeZXyK11UfWgp4cWKX4vIhZ30baN/lRinqdbakZ5hiAI3pGjRy3d+q/Epyc8Csz5xMdKNNGYpcw==}
    engines: {node: '>=8', npm: '>=5'}
    peerDependencies:
      video.js: ^8.19.0

  '@videojs/themes@1.0.1':
    resolution: {integrity: sha512-2b6YIIIz5x+/eSFdkSZ2RZJfHIMfP7bGODR3wDzLTqFF2kEKnJVIXxBUNzdZC/qiVETqAA2Ba6mCp+iXTUYt4A==}

  '@videojs/vhs-utils@4.1.1':
    resolution: {integrity: sha512-5iLX6sR2ownbv4Mtejw6Ax+naosGvoT9kY+gcuHzANyUZZ+4NpeNdKMUhb6ag0acYej1Y7cmr/F2+4PrggMiVA==}
    engines: {node: '>=8', npm: '>=5'}

  '@videojs/xhr@2.7.0':
    resolution: {integrity: sha512-giab+EVRanChIupZK7gXjHy90y3nncA2phIOyG3Ne5fvpiMJzvqYwiTOnEVW2S4CoYcuKJkomat7bMXA/UoUZQ==}

  '@vime/core@5.4.1':
    resolution: {integrity: sha512-ZFpV3xqZJ5tvh5rZOYKRh8zFzNIKr2ZcK6L75nJjFjbWt/ZmFF2nMBxtD9/hC4Xjk9v7hp1+P9cmctL674VFgA==}

  '@vime/svelte@5.4.1':
    resolution: {integrity: sha512-I0wnPpfkGIsx8149z32nAVBZ2YTjLTLrpnTFNs+6yV07ynvgEDvfTQEa3F6cx4XDerDROBk3nkpB6W6dtdt52Q==}
    peerDependencies:
      '@vime/core': 5.4.1
      svelte: ^3.0.0 || ^4.0.0

  '@xmldom/xmldom@0.8.10':
    resolution: {integrity: sha512-2WALfTl4xo2SkGCYRt6rDTFfk9R1czmBvUQy12gK2KuRKIpWEhcbbzy8EZXtz/jkRqHX8bFEc6FC1HjX4TUWYw==}
    engines: {node: '>=10.0.0'}

  abbrev@1.1.1:
    resolution: {integrity: sha512-nne9/IiQ/hzIhY6pdDnbBtz7DjPTKrY00P/zvPSm5pOFkl6xuGrGnXn/VtTNNfNtAfZ9/1RtehkszU9qcTii0Q==}

  acorn@8.14.0:
    resolution: {integrity: sha512-cl669nCJTZBsL97OF4kUQm5g5hC2uihk0NxY3WENAC0TYdILVkAyHymAntgxGkl7K+t0cXIrH5siy5S4XkFycA==}
    engines: {node: '>=0.4.0'}
    hasBin: true

  aes-decrypter@1.0.3:
    resolution: {integrity: sha512-rsx8pfx7wJsn+ziYbpJ8XA5c93hKAtBCrfydxJqJCMT+qfjipd/B5wC2xHtBcoxyvlqJcpeAo3K55t0lXOn9yQ==}

  aes-decrypter@4.0.2:
    resolution: {integrity: sha512-lc+/9s6iJvuaRe5qDlMTpCFjnwpkeOXp8qP3oiZ5jsj1MRg+SBVUmmICrhxHvc8OELSmc+fEyyxAuppY6hrWzw==}

  amdefine@1.0.1:
    resolution: {integrity: sha512-S2Hw0TtNkMJhIabBwIojKL9YHO5T0n5eNqWJ7Lrlel/zDbftQpxpapi8tZs3X1HWa+u+QeydGmzzNU0m09+Rcg==}
    engines: {node: '>=0.4.2'}

  argparse@0.1.16:
    resolution: {integrity: sha512-LjmC2dNpdn2L4UzyoaIr11ELYoLn37ZFy9zObrQFHsSuOepeUEMKnM8w5KL4Tnrp2gy88rRuQt6Ky8Bjml+Baw==}

  aria-query@5.3.2:
    resolution: {integrity: sha512-COROpnaoap1E2F000S62r6A60uHZnmlvomhfyT2DlTcrY1OrBKn2UhH7qn5wTC9zMvD0AY7csdPSNwKP+7WiQw==}
    engines: {node: '>= 0.4'}

  async@0.1.22:
    resolution: {integrity: sha512-2tEzliJmf5fHNafNwQLJXUasGzQCVctvsNkXmnlELHwypU0p08/rHohYvkqKIjyXpx+0rkrYv6QbhJ+UF4QkBg==}

  async@0.2.10:
    resolution: {integrity: sha512-eAkdoKxU6/LkKDBzLpT+t6Ff5EtfSF4wx1WfJiPEEV7WNLnDaRXk0oVysiEPm262roaachGexwUv94WhSgN5TQ==}

  axobject-query@4.1.0:
    resolution: {integrity: sha512-qIj0G9wZbMGNLjLmg1PT6v2mE9AH2zlnADJD/2tC6E00hgmhUOfEB6greHPAfLRSufHqROIUTkw6E+M3lH0PTQ==}
    engines: {node: '>= 0.4'}

  babel-runtime@6.26.0:
    resolution: {integrity: sha512-ITKNuq2wKlW1fJg9sSW52eepoYgZBggvOAHC0u/CYu/qxQ9EVzThCgR69BnSXLHjy2f7SY5zaQ4yt7H9ZVxY2g==}

  boolbase@1.0.0:
    resolution: {integrity: sha512-JZOSA7Mo9sNGB8+UjSgzdLtokWAky1zbztM3WRLCbZ70/3cTANmQmOdR7y2g+J0e2WXywy1yS468tY+IruqEww==}

  camelcase@1.2.1:
    resolution: {integrity: sha512-wzLkDa4K/mzI1OSITC+DUyjgIl/ETNHE9QvYgy6J6Jvqyyz4C0Xfd+lQhb19sX2jMpZV4IssUn0VDVmglV+s4g==}
    engines: {node: '>=0.10.0'}

  code-red@1.0.4:
    resolution: {integrity: sha512-7qJWqItLA8/VPVlKJlFXU+NBlo/qyfs39aJcuMT/2ere32ZqvF5OSxgdM5xOfJJ7O429gg2HM47y8v9P+9wrNw==}

  coffee-script@1.3.3:
    resolution: {integrity: sha512-QjQ1T4BqyHv19k6XSfdhy/QLlIOhywz0ekBUCa9h71zYMJlfDTGan/Z1JXzYkZ6v8R+GhvL/p4FZPbPW8WNXlg==}
    engines: {node: '>=0.4.0'}
    deprecated: CoffeeScript on NPM has moved to "coffeescript" (no hyphen)
    hasBin: true

  colors@0.6.2:
    resolution: {integrity: sha512-OsSVtHK8Ir8r3+Fxw/b4jS1ZLPXkV6ZxDRJQzeD7qo0SqMXWrHDM71DgYzPMHY8SFJ0Ao+nNU2p1MmwdzKqPrw==}
    engines: {node: '>=0.1.90'}

  core-js@2.6.12:
    resolution: {integrity: sha512-Kb2wC0fvsWfQrgk8HU5lW6U/Lcs8+9aaYcy4ZFc6DDlo4nZ7n70dEgE5rtR0oG6ufKDUnrwfWL1mXR5ljDatrQ==}
    deprecated: core-js@<3.23.3 is no longer maintained and not recommended for usage due to the number of issues. Because of the V8 engine whims, feature detection in old core-js versions could cause a slowdown up to 100x even if nothing is polyfilled. Some versions have web compatibility issues. Please, upgrade your dependencies to the actual version of core-js.

  core-js@3.41.0:
    resolution: {integrity: sha512-SJ4/EHwS36QMJd6h/Rg+GyR4A5xE0FSI3eZ+iBVpfqf1x0eTSg1smWLHrA+2jQThZSh97fmSgFSU8B61nxosxA==}

  css-select@2.1.0:
    resolution: {integrity: sha512-Dqk7LQKpwLoH3VovzZnkzegqNSuAziQyNZUcrdDM401iY+R5NkGBXGmtO05/yaXQziALuPogeG0b7UAgjnTJTQ==}

  css-tree@2.3.1:
    resolution: {integrity: sha512-6Fv1DV/TYw//QF5IzQdqsNDjx/wc8TrMBZsqjL9eW01tWb7R7k/mq+/VXfJCl7SoD5emsJop9cOByJZfs8hYIw==}
    engines: {node: ^10 || ^12.20.0 || ^14.13.0 || >=15.0.0}

  css-what@3.4.2:
    resolution: {integrity: sha512-ACUm3L0/jiZTqfzRM3Hi9Q8eZqd6IK37mMWPLz9PJxkLWllYeRf+EHUSHYEtFop2Eqytaq1FizFVh7XfBnXCDQ==}
    engines: {node: '>= 6'}

  custom-event-polyfill@1.0.7:
    resolution: {integrity: sha512-TDDkd5DkaZxZFM8p+1I3yAlvM3rSr1wbrOliG4yJiwinMZN8z/iGL7BTlDkrJcYTmgUSb4ywVCc3ZaUtOtC76w==}

  dateformat@1.0.2-1.2.3:
    resolution: {integrity: sha512-AXvW8g7tO4ilk5HgOWeDmPi/ZPaCnMJ+9Cg1I3p19w6mcvAAXBuuGEXAxybC+Djj1PSZUiHUcyoYu7WneCX8gQ==}

  decamelize@1.2.0:
    resolution: {integrity: sha512-z2S+W9X73hAUUki+N+9Za2lBlun89zigOyGrsax+KUQ6wKW4ZoWpEYBkGhQjwAjjDCkWxhY0VKEhk8wzY7F5cA==}
    engines: {node: '>=0.10.0'}

  dom-serializer@0.1.1:
    resolution: {integrity: sha512-l0IU0pPzLWSHBcieZbpOKgkIn3ts3vAh7ZuFyXNwJxJXk/c4Gwj9xaTJwIDVQCXawWD0qb3IzMGH5rglQaO0XA==}

  dom-walk@0.1.2:
    resolution: {integrity: sha512-6QvTW9mrGeIegrFXdtQi9pk7O/nSK6lSdXW2eqUspN5LWD7UTji2Fqw5V2YLjBpHEoU9Xl/eUWNpDeZvoyOv2w==}

  domelementtype@1.3.1:
    resolution: {integrity: sha512-BSKB+TSpMpFI/HOxCNr1O8aMOTZ8hT3pM3GQ0w/mWRmkhEDSFJkkyzz4XQsBV44BChwGkrDfMyjVD0eA2aFV3w==}

  domhandler@2.4.2:
    resolution: {integrity: sha512-JiK04h0Ht5u/80fdLMCEmV4zkNh2BcoMFBmZ/91WtYZ8qVXSKjiw7fXMgFPnHcSZgOo3XdinHvmnDUeMf5R4wA==}

  domutils@1.7.0:
    resolution: {integrity: sha512-Lgd2XcJ/NjEw+7tFvfKxOzCYKZsdct5lczQ2ZaQY8Djz7pfAD3Gbp8ySJWtreII/vDlMVmxwa6pHmdxIYgttDg==}

  eme-encryption-scheme-polyfill@2.2.1:
    resolution: {integrity: sha512-GzgrLuZPYGijd8oaKuBqYv3Tc2oruDZM3V2982KOuy/PA1N3zwMe+/oIXJYfZ3BH3PwW5nONdBBE+VY6jlwbrw==}

  entities@1.1.2:
    resolution: {integrity: sha512-f2LZMYl1Fzu7YSBKg+RoROelpOaNrcGmE9AZubeDfrCEia483oW4MI4VyFd5VNHIgQ/7qm1I0wUHK1eJnn2y2w==}

  es5-shim@4.6.7:
    resolution: {integrity: sha512-jg21/dmlrNQI7JyyA2w7n+yifSxBng0ZralnSfVZjoCawgNTCnS+yBCyVM9DL5itm7SUnDGgv7hcq2XCZX4iRQ==}
    engines: {node: '>=0.4.0'}

  esprima@1.0.4:
    resolution: {integrity: sha512-rp5dMKN8zEs9dfi9g0X1ClLmV//WRyk/R15mppFNICIFRG5P92VP7Z04p8pk++gABo9W2tY+kHyu6P1mEHgmTA==}
    engines: {node: '>=0.4.0'}
    hasBin: true

  estree-walker@3.0.3:
    resolution: {integrity: sha512-7RUKfXgSMMkzt6ZuXmqapOurLGPPfgj6l9uRZ7lRGolvk0y2yocc35LdcxKC5PQZdn2DMqioAQ2NoWcrTKmm6g==}

  eventemitter2@0.4.14:
    resolution: {integrity: sha512-K7J4xq5xAD5jHsGM5ReWXRTFa3JRGofHiMcVgQ8PRwgWxzjHpMWCIzsmyf60+mh8KLsqYPcjUMa0AC4hd6lPyQ==}

  exit@0.1.2:
    resolution: {integrity: sha512-Zk/eNKV2zbjpKzrsQ+n1G6poVbErQxJ0LBOJXaKZ1EViLzH+hrLu9cdXI4zw9dBQJslwBEpbQ2P1oS7nDxs6jQ==}
    engines: {node: '>= 0.8.0'}

  findup-sync@0.1.3:
    resolution: {integrity: sha512-yjftfYnF4ThYEvKEV/kEFR15dmtyXTAh3vQnzpJUoc7Naj5y1P0Ck7Zs1+Vroa00E3KT3IYsk756S+8WA5dNLw==}
    engines: {node: '>= 0.6.0'}

  fscreen@1.2.0:
    resolution: {integrity: sha512-hlq4+BU0hlPmwsFjwGGzZ+OZ9N/wq9Ljg/sq3pX+2CD7hrJsX9tJgWWK/wiNTFM212CLHWhicOoqwXyZGGetJg==}

  getobject@0.1.0:
    resolution: {integrity: sha512-hIGEBfnHcZpWkXPsAVeVmpYDvfy/matVl03yOY91FPmnpCC12Lm5izNxCjO3lHAeO6uaTwMxu7g450Siknlhig==}
    engines: {node: '>= 0.8.0'}

  glob@3.1.21:
    resolution: {integrity: sha512-ANhy2V2+tFpRajE3wN4DhkNQ08KDr0Ir1qL12/cUe5+a7STEK8jkW4onUYuY8/06qAFuT5je7mjAqzx0eKI2tQ==}
    deprecated: Glob versions prior to v9 are no longer supported

  glob@3.2.11:
    resolution: {integrity: sha512-hVb0zwEZwC1FXSKRPFTeOtN7AArJcJlI6ULGLtrstaswKNlrTJqAA+1lYlSUop4vjA423xlBzqfVS3iWGlqJ+g==}
    deprecated: Glob versions prior to v9 are no longer supported

  global@4.3.2:
    resolution: {integrity: sha512-/4AybdwIDU4HkCUbJkZdWpe4P6vuw/CUtu+0I1YlLIPe7OlUO7KNJ+q/rO70CW2/NW6Jc6I62++Hzsf5Alu6rQ==}

  global@4.4.0:
    resolution: {integrity: sha512-wv/LAoHdRE3BeTGz53FAamhGlPLhlssK45usmGFThIi4XqnBmjKQ16u+RNbP7WvigRZDxUsM0J3gcQ5yicaL0w==}

  graceful-fs@1.2.3:
    resolution: {integrity: sha512-iiTUZ5vZ+2ZV+h71XAgwCSu6+NAizhFU3Yw8aC/hH5SQ3SnISqEqAek40imAFGtDcwJKNhXvSY+hzIolnLwcdQ==}
    engines: {node: '>=0.4.0'}
    deprecated: please upgrade to graceful-fs 4 for compatibility with current and future versions of Node.js

  grunt-contrib-uglify@0.2.7:
    resolution: {integrity: sha512-KXKM2UNLsCiUI6/DYfAIPm3i26UJJN6Cf6KD8fFa2TKllj7yLPC853IxtWBJ/3jX66QtXHGtdCORuuA6sAFvvA==}
    engines: {node: '>= 0.8.0'}
    peerDependencies:
      grunt: ~0.4.0

  grunt-legacy-log-utils@0.1.1:
    resolution: {integrity: sha512-D0vbUX00TFYCKNZtcZzemMpwT8TR/FdRs1pmfiBw6qnUw80PfsjV+lhIozY/3eJ3PSG2zj89wd2mH/7f4tNAlw==}
    engines: {node: '>= 0.8.0'}

  grunt-legacy-log@0.1.3:
    resolution: {integrity: sha512-qYs/uM0ImdzwIXLhS4O5WLV5soAM+PEqqHI/hzSxlo450ERSccEhnXqoeDA9ZozOdaWuYnzTOTwRcVRogleMxg==}
    engines: {node: '>= 0.8.0'}

  grunt-legacy-util@0.2.0:
    resolution: {integrity: sha512-cXPbfF8aM+pvveQeN1K872D5fRm30xfJWZiS63Y8W8oyIPLClCsmI8bW96Txqzac9cyL4lRqEBhbhJ3n5EzUUQ==}
    engines: {node: '>= 0.8.0'}

  grunt-lib-contrib@0.6.1:
    resolution: {integrity: sha512-HdCtJuMmmkSAVrAfsG7lZWE0YabrsPWwzcCCUgWQOAaQsQSUNhw/IwD2YjCSLh5y9NXSPzHTYFLL4ro7QbAJMA==}
    engines: {node: '>= 0.8.0'}

  grunt@0.4.5:
    resolution: {integrity: sha512-1iq3ylLjzXqz/KSq1OAE2qhnpcbkF2WyhsQcavZt+YmgvHu0EbPMEhGhy2gr0FP67isHpRdfwjB5WVeXXcJemQ==}
    engines: {node: '>= 0.8.0'}

  hooker@0.2.3:
    resolution: {integrity: sha512-t+UerCsQviSymAInD01Pw+Dn/usmz1sRO+3Zk1+lx8eg+WKpD2ulcwWqHHL0+aseRBr+3+vIhiG1K1JTwaIcTA==}

  htmlparser2@3.10.1:
    resolution: {integrity: sha512-IgieNijUMbkDovyoKObU1DUhm1iwNYE/fuifEoEHfd1oZKZDaONBSkal7Y01shxsM49R4XaMdGez3WnF9UfiCQ==}

  iconv-lite@0.2.11:
    resolution: {integrity: sha512-KhmFWgaQZY83Cbhi+ADInoUQ8Etn6BG5fikM9syeOjQltvR45h7cRKJ/9uvQEuD61I3Uju77yYce0/LhKVClQw==}
    engines: {node: '>=0.4.0'}

  individual@2.0.0:
    resolution: {integrity: sha512-pWt8hBCqJsUWI/HtcfWod7+N9SgAqyPEaF7JQjwzjn5vGrpg6aQ5qeAFQ7dx//UH4J1O+7xqew+gCeeFt6xN/g==}

  inherits@1.0.2:
    resolution: {integrity: sha512-Al67oatbRSo3RV5hRqIoln6Y5yMVbJSIn4jEJNL7VCImzq/kLr7vvb6sFRJXqr8rpHc/2kJOM+y0sPKN47VdzA==}

  inherits@2.0.4:
    resolution: {integrity: sha512-k/vGaX4/Yla3WzyMCvTQOXYeIHvqOKtnqBduzTHpzpQZzAskKMhZ2K+EnBiSM9zGSoIFeMpXKxa4dYeZIQqewQ==}

  is-function@1.0.2:
    resolution: {integrity: sha512-lw7DUp0aWXYg+CBCN+JKkcE0Q2RayZnSvnZBlwgxHBQhqt5pZNVy4Ri7H9GmmXkdu7LUthszM+Tor1u/2iBcpQ==}

  is-reference@3.0.3:
    resolution: {integrity: sha512-ixkJoqQvAP88E6wLydLGGqCJsrFUnqoH6HnaczB8XmDH1oaWU+xxdptvikTgaEhtZ53Ky6YXiBuUI2WXLMCwjw==}

  jb-videojs-hls-quality-selector@2.0.2:
    resolution: {integrity: sha512-SaFU8/+/RmqV//yfib9fffk5jrid6+KxHuIfBOJlsOeFt2jNKD9zVP0Jmj++00KjkN+8jSl/mDE0t70i8e/cZA==}
    engines: {node: '>=14', npm: '>=6'}

  js-yaml@2.0.5:
    resolution: {integrity: sha512-VEKcIksckDBUhg2JS874xVouiPkywVUh4yyUmLCDe1Zg3bCd6M+F1eGPenPeHLc2XC8pp9G8bsuofK0NeEqRkA==}
    engines: {node: '>= 0.6.0'}
    hasBin: true

  loadjs@4.3.0:
    resolution: {integrity: sha512-vNX4ZZLJBeDEOBvdr2v/F+0aN5oMuPu7JTqrMwp+DtgK+AryOlpy6Xtm2/HpNr+azEa828oQjOtWsB6iDtSfSQ==}

  locate-character@3.0.0:
    resolution: {integrity: sha512-SW13ws7BjaeJ6p7Q6CO2nchbYEc3X3J6WrmTTDto7yMPqVSZTUyY5Tjbid+Ab8gLnATtygYtiDIJGQRRn2ZOiA==}

  lodash@0.9.2:
    resolution: {integrity: sha512-LVbt/rjK62gSbhehDVKL0vlaime4Y1IBixL+bKeNfoY4L2zab/jGrxU6Ka05tMA/zBxkTk5t3ivtphdyYupczw==}
    engines: {'0': node, '1': rhino}

  lodash@2.4.2:
    resolution: {integrity: sha512-Kak1hi6/hYHGVPmdyiZijoQyz5x2iGVzs6w9GYB/HiXEtylY7tIoYEROMjvM1d9nXJqPOrG2MNPMn01bJ+S0Rw==}
    engines: {'0': node, '1': rhino}

  lru-cache@2.7.3:
    resolution: {integrity: sha512-WpibWJ60c3AgAz8a2iYErDrcT2C7OmKnsWhIcHOjkUHFjkXncJhtLxNSqUmxRxRunpb5I8Vprd7aNSd2NtksJQ==}

  m3u8-parser@2.1.0:
    resolution: {integrity: sha512-WbEpQ2FUaNGbJ0YanSeyj9D9ruu4FUvz+ZvebIzI2bSME+PUwcPXO1kKXZkjcPUAFruDikoOI5fWQNIA6JCCOQ==}

  m3u8-parser@7.2.0:
    resolution: {integrity: sha512-CRatFqpjVtMiMaKXxNvuI3I++vUumIXVVT/JpCpdU/FynV/ceVw1qpPyyBNindL+JlPMSesx+WX1QJaZEJSaMQ==}

  magic-string@0.30.17:
    resolution: {integrity: sha512-sNPKHvyjVf7gyjwS4xGTaW/mCnF8wnjtifKBEhxfZ7E/S8tQ0rssrwGNn6q8JH/ohItJfSQp9mBtQYuTlH5QnA==}

  mdn-data@2.0.30:
    resolution: {integrity: sha512-GaqWWShW4kv/G9IEucWScBx9G1/vsFZZJUO+tD26M8J8z3Kw5RDQjaoZe03YAClgeS/SWPOcb4nkFBTEi5DUEA==}

  min-document@2.19.0:
    resolution: {integrity: sha512-9Wy1B3m3f66bPPmU5hdA4DR4PB2OfDU/+GS3yAB7IQozE3tqXaVv2zOjgla7MEGSRv95+ILmOuvhLkOK6wJtCQ==}

  minimatch@0.2.14:
    resolution: {integrity: sha512-zZ+Jy8lVWlvqqeM8iZB7w7KmQkoJn8djM585z88rywrEbzoqawVa9FR5p2hwD+y74nfuKOjmNvi9gtWJNLqHvA==}
    deprecated: Please update to minimatch 3.0.2 or higher to avoid a RegExp DoS issue

  minimatch@0.3.0:
    resolution: {integrity: sha512-WFX1jI1AaxNTZVOHLBVazwTWKaQjoykSzCBNXB72vDTCzopQGtyP91tKdFK5cv1+qMwPyiTu1HqUriqplI8pcA==}
    deprecated: Please update to minimatch 3.0.2 or higher to avoid a RegExp DoS issue

  mitt@3.0.1:
    resolution: {integrity: sha512-vKivATfr97l2/QBCYAkXYDbrIWPM2IIKEl7YPhjCvKlG3kE2gm+uBo6nEXK3M5/Ffh/FLpKExzOQ3JJoJGFKBw==}

  mpd-parser@1.3.1:
    resolution: {integrity: sha512-1FuyEWI5k2HcmhS1HkKnUAQV7yFPfXPht2DnRRGtoiiAAW+ESTbtEXIDpRkwdU+XyrQuwrIym7UkoPKsZ0SyFw==}
    hasBin: true

  mux.js@4.3.2:
    resolution: {integrity: sha512-g0q6DPdvb3yYcoK7ElBGobdSSrhY/RjPt19U7uUc733aqvc5bCS/aCvL9z+448y+IoCZnYDwyZfQBBXMSmGOaQ==}

  mux.js@7.0.3:
    resolution: {integrity: sha512-gzlzJVEGFYPtl2vvEiJneSWAWD4nfYRHD5XgxmB2gWvXraMPOYk+sxfvexmNfjQUFpmk6hwLR5C6iSFmuwCHdQ==}
    engines: {node: '>=8', npm: '>=5'}
    hasBin: true

  mux.js@7.1.0:
    resolution: {integrity: sha512-NTxawK/BBELJrYsZThEulyUMDVlLizKdxyAsMuzoCD1eFj97BVaA8D/CvKsKu6FOLYkFojN5CbM9h++ZTZtknA==}
    engines: {node: '>=8', npm: '>=5'}
    hasBin: true

  nopt@1.0.10:
    resolution: {integrity: sha512-NWmpvLSqUrgrAC9HCuxEvb+PSloHpqVu+FqcO4eeF2h5qYRhA7ev6KvelyQAKtegUbC6RypJnlEOhd8vloNKYg==}
    hasBin: true

  nth-check@1.0.2:
    resolution: {integrity: sha512-WeBOdju8SnzPN5vTUJYxYUxLeXpCaVP5i5e0LF8fg7WORF2Wd7wFX/pk0tYZk7s8T+J7VLy0Da6J1+wCT0AtHg==}

  parse-headers@2.0.5:
    resolution: {integrity: sha512-ft3iAoLOB/MlwbNXgzy43SWGP6sQki2jQvAyBg/zDFAgr9bfNWZIUj42Kw2eJIl8kEi4PbgE6U1Zau/HwI75HA==}

  periscopic@3.1.0:
    resolution: {integrity: sha512-vKiQ8RRtkl9P+r/+oefh25C3fhybptkHKCZSPlcXiJux2tJF55GnEj3BVn4A5gKfq9NWWXXrxkHBwVPUfH0opw==}

  picocolors@0.2.1:
    resolution: {integrity: sha512-cMlDqaLEqfSaW8Z7N5Jw+lyIW869EzT73/F5lhtY9cLGoVxSXznfgfXMO0Z5K0o0Q2TkTXq+0KFsdnSe3jDViA==}

  pkcs7@0.2.3:
    resolution: {integrity: sha512-kJRwmADEQUg+qJyRgWLtpEL9q9cFjZschejTEK3GRjKvnsU9G5WWoe/wKqRgbBoqWdVSeTUKP6vIA3Y72M3rWA==}
    engines: {node: ^0.10, npm: ^1.4.6}
    hasBin: true

  pkcs7@1.0.4:
    resolution: {integrity: sha512-afRERtHn54AlwaF2/+LFszyAANTCggGilmcmILUzEjvs3XgFZT+xE6+QWQcAGmu4xajy+Xtj7acLOPdx5/eXWQ==}
    hasBin: true

  plyr@3.7.8:
    resolution: {integrity: sha512-yG/EHDobwbB/uP+4Bm6eUpJ93f8xxHjjk2dYcD1Oqpe1EcuQl5tzzw9Oq+uVAzd2lkM11qZfydSiyIpiB8pgdA==}

  postcss-inline-svg@4.1.0:
    resolution: {integrity: sha512-0pYBJyoQ9/sJViYRc1cNOOTM7DYh0/rmASB0TBeRmWkG8YFK2tmgdkfjHkbRma1iFtBFKFHZFsHwRTDZTMKzSQ==}

  postcss-value-parser@4.2.0:
    resolution: {integrity: sha512-1NNCs6uurfkVbeXG4S8JFT9t19m45ICnif8zWLd5oPSZ50QnwMfK+H3jv408d4jw/7Bttv5axS5IiHoLaVNHeQ==}

  postcss@7.0.39:
    resolution: {integrity: sha512-yioayjNbHn6z1/Bywyb2Y4s3yvDAeXGOyxqD+LnVOinq6Mdmd++SW2wUNVzavyyHxd6+DxzWGIuosg6P1Rj8uA==}
    engines: {node: '>=6.0.0'}

  process@0.11.10:
    resolution: {integrity: sha512-cdGef/drWFoydD1JsMzuFf8100nZl+GT+yacc2bEced5f9Rjk4z+WtFUTBu9PhOi9j/jfmBPu0mMEY4wIdAF8A==}
    engines: {node: '>= 0.6.0'}

  process@0.5.2:
    resolution: {integrity: sha512-oNpcutj+nYX2FjdEW7PGltWhXulAnFlM0My/k48L90hARCOJtvBbQXc/6itV2jDvU5xAAtonP+r6wmQgCcbAUA==}
    engines: {node: '>= 0.6.0'}

  rangetouch@2.0.1:
    resolution: {integrity: sha512-sln+pNSc8NGaHoLzwNBssFSf/rSYkqeBXzX1AtJlkJiUaVSJSbRAWJk+4omsXkN+EJalzkZhWQ3th1m0FpR5xA==}

  readable-stream@3.6.2:
    resolution: {integrity: sha512-9u/sniCrY3D5WdsERHzHE4G2YCXqoG5FTHUiCC4SIbr6XcLZBY05ya9EKjYek9O5xOAwjGq+1JdGBAS7Q9ScoA==}
    engines: {node: '>= 6'}

  regenerator-runtime@0.11.1:
    resolution: {integrity: sha512-MguG95oij0fC3QV3URf4V2SDYGJhJnJGqvIIgdECeODCT98wSWDAJ94SSuVpYQUoTcGUIL6L4yNB7j1DFFHSBg==}

  regenerator-runtime@0.14.1:
    resolution: {integrity: sha512-dYnhHh0nJoMfnkZs6GmmhFknAGRrLznOu5nc9ML+EJxGvrx6H7teuevqVqCuPcPK//3eDrrjQhehXVx9cnkGdw==}

  rimraf@2.2.8:
    resolution: {integrity: sha512-R5KMKHnPAQaZMqLOsyuyUmcIjSeDm+73eoqQpaXA7AZ22BL+6C+1mcUscgOsNd8WVlJuvlgAPsegcx7pjlV0Dg==}
    deprecated: Rimraf versions prior to v4 are no longer supported
    hasBin: true

  rust-result@1.0.0:
    resolution: {integrity: sha512-6cJzSBU+J/RJCF063onnQf0cDUOHs9uZI1oroSGnHOph+CQTIJ5Pp2hK5kEQq1+7yE/EEWfulSNXAQ2jikPthA==}

  safe-buffer@5.2.1:
    resolution: {integrity: sha512-rp3So07KcdmmKbGvgaNxQSJr7bGVSVk5S9Eq1F+ppbRo70+YeaDxkw5Dd8NPN+GD6bjnYm2VuPuCXmpuYvmCXQ==}

  safe-json-parse@4.0.0:
    resolution: {integrity: sha512-RjZPPHugjK0TOzFrLZ8inw44s9bKox99/0AZW9o/BEQVrJfhI+fIHMErnPyRa89/yRXUUr93q+tiN6zhoVV4wQ==}

  shaka-player@4.13.6:
    resolution: {integrity: sha512-SNmypJaKH3sfdOk/qCCK2CgbPCaE9y3fhxwX3d8u4OmRyY/D3Th9SQEBLKQBWu/zsIOQPV+tyN4NCG7CCRkYbg==}
    engines: {node: '>=18'}

  sigmund@1.0.1:
    resolution: {integrity: sha512-fCvEXfh6NWpm+YSuY2bpXb/VIihqWA6hLsgboC+0nl71Q7N7o2eaCW8mJa/NLvQhs6jpd3VZV4UiUQlV6+lc8g==}

  source-map-js@1.2.1:
    resolution: {integrity: sha512-UXWMKhLOwVKb728IUtQPXxfYU+usdybtUrK/8uGE8CQMvrhOpwvzDBwj0QhSL7MQc7vIsISBG8VQ8+IDQxpfQA==}
    engines: {node: '>=0.10.0'}

  source-map@0.1.34:
    resolution: {integrity: sha512-yfCwDj0vR9RTwt3pEzglgb3ZgmcXHt6DjG3bjJvzPwTL+5zDQ2MhmSzAcTy0GTiQuCiriSWXvWM1/NhKdXuoQA==}
    engines: {node: '>=0.8.0'}

  source-map@0.6.1:
    resolution: {integrity: sha512-UjgapumWlbMhkBgzT7Ykc5YXUT46F0iKu8SGXq0bcwP5dz/h0Plj6enJqjz1Zbq2l5WaqYnrVbwWOWMyF3F47g==}
    engines: {node: '>=0.10.0'}

  stencil-wormhole@3.4.1:
    resolution: {integrity: sha512-ppYTcWTJnIl4ZAKwF39LTA9f/ypHfbVefsHdN2hpMQGrR57wt1TieZo9tlCM/r1Y4SFiZ5yz/cjho564C921Xw==}

  string_decoder@1.3.0:
    resolution: {integrity: sha512-hkRX8U1WjJFd8LsDJ2yQ/wWWxaopEsABU1XfkM8A+j0+85JAGppt16cr1Whg6KIbb4okU6Mql6BOj+uup/wKeA==}

  svelte@4.2.19:
    resolution: {integrity: sha512-IY1rnGr6izd10B0A8LqsBfmlT5OILVuZ7XsI0vdGPEvuonFV7NYEUK4dAkm9Zg2q0Um92kYjTpS1CAP3Nh/KWw==}
    engines: {node: '>=16'}

  tsml@1.0.1:
    resolution: {integrity: sha512-3KmepnH9SUsoOVtg013CRrL7c+AK7ECaquAsJdvu4288EDJuraqBlP4PDXT/rLEJ9YDn4jqLAzRJsnFPx+V6lg==}
    deprecated: no longer maintained

  uglify-js@2.4.24:
    resolution: {integrity: sha512-tktIjwackfZLd893KGJmXc1hrRHH1vH9Po3xFh1XBjjeGAnN02xJ3SuoA+n1L29/ZaCA18KzCFlckS+vfPugiA==}
    engines: {node: '>=0.4.0'}
    hasBin: true

  uglify-to-browserify@1.0.2:
    resolution: {integrity: sha512-vb2s1lYx2xBtUgy+ta+b2J/GLVUR+wmpINwHePmPRhOsIVCG2wDzKJ0n14GslH1BifsqVzSOwQhRaCAsZ/nI4Q==}

  underscore.string@2.2.1:
    resolution: {integrity: sha512-3FVmhXqelrj6gfgp3Bn6tOavJvW0dNH2T+heTD38JRxIrAbiuzbqjknszoOYj3DyFB1nWiLj208Qt2no/L4cIA==}

  underscore.string@2.3.3:
    resolution: {integrity: sha512-hbD5MibthuDAu4yA5wxes5bzFgqd3PpBJuClbRxaNddxfdsz+qf+1kHwrGQFrmchmDHb9iNU+6EHDn8uj0xDJg==}

  underscore.string@2.4.0:
    resolution: {integrity: sha512-yxkabuCaIBnzfIvX3kBxQqCs0ar/bfJwDnFEHJUm/ZrRVhT3IItdRF5cZjARLzEnyQYtIUhsZ2LG2j3HidFOFQ==}

  underscore@1.7.0:
    resolution: {integrity: sha512-cp0oQQyZhUM1kpJDLdGO1jPZHgS/MpzoWYfe9+CM2h/QGDZlqwT2T3YGukuBdaNJ/CAPoeyAZRRHz8JFo176vA==}

  url-polyfill@1.1.13:
    resolution: {integrity: sha512-tXzkojrv2SujumYthZ/WjF7jaSfNhSXlYMpE5AYdL2I3D7DCeo+mch8KtW2rUuKjDg+3VXODXHVgipt8yGY/eQ==}

  url-toolkit@2.2.5:
    resolution: {integrity: sha512-mtN6xk+Nac+oyJ/PrI7tzfmomRVNFIWKUbG8jdYFt52hxbiReFAXIjYskvu64/dvuW71IcB7lV8l0HvZMac6Jg==}

  util-deprecate@1.0.2:
    resolution: {integrity: sha512-EPD5q1uXyFxJpCrLnCc1nHnq3gOa6DZBocAIiI2TaSCA7VCJ1UJDMagCzIkXNsUYfD1daK//LTEQ8xiIbrHtcw==}

  video.js@6.13.0:
    resolution: {integrity: sha512-36/JR/GhPQSZj0o+GNbhcEYv/b0SkV9SQsjlodAnzMQYN0TA7VhmqrKPYMCi1NGRYu7S9W3OaFCFoUxkYfSVlg==}

  video.js@8.21.0:
    resolution: {integrity: sha512-zcwerRb257QAuWfi8NH9yEX7vrGKFthjfcONmOQ4lxFRpDAbAi+u5LAjCjMWqhJda6zEmxkgdDpOMW3Y21QpXA==}

  videojs-contrib-hls@5.15.0:
    resolution: {integrity: sha512-18zbMYZ0XRBKTPEayA9bFTWWrqhT9b4G8+zf0czJLD7Epe5PcK1I/3dflTHQeQ5rwlWir+/XnFU3sMg/B2MMcw==}
    engines: {node: '>= 0.10.12'}

  videojs-contrib-media-sources@4.7.2:
    resolution: {integrity: sha512-e6iCHWBFuV05EGo7v+pS9iepObXnJ9joms467gzi8ZjpKVb3ifha9M0Ja24Rd8JfvYpzjltsgDVtGFDvIg4hQQ==}

  videojs-contrib-quality-levels@4.1.0:
    resolution: {integrity: sha512-TfrXJJg1Bv4t6TOCMEVMwF/CoS8iENYsWNKip8zfhB5kTcegiFYezEA0eHAJPU64ZC8NQbxQgOwAsYU8VXbOWA==}
    engines: {node: '>=16', npm: '>=8'}
    peerDependencies:
      video.js: ^8

  videojs-font@2.1.0:
    resolution: {integrity: sha512-zFqWpLrXf1q8NtYx5qtZhMC6SLUFScDmR6j+UGPogobxR21lvXShhnzcNNMdOxJUuFLiToJ/BPpFUQwX4xhpvA==}

  videojs-font@4.2.0:
    resolution: {integrity: sha512-YPq+wiKoGy2/M7ccjmlvwi58z2xsykkkfNMyIg4xb7EZQQNwB71hcSsB3o75CqQV7/y5lXkXhI/rsGAS7jfEmQ==}

  videojs-hls-quality-selector@2.0.0:
    resolution: {integrity: sha512-x0AQKGwryDdD94s1it+Jolb6j1mg4Q+c7g1PlCIG6dXBdipVPaZmg71fxaFZJgx1k326DFnRaWrLxQ72/TKd2A==}
    engines: {node: '>=14', npm: '>=6'}

  videojs-ie8@1.1.2:
    resolution: {integrity: sha512-0Zb2T4MLkpfZbeGMK/Z93b8Lrepr+rLFoHgQV1CoDeFqXvH7b+Vsd/VHoILGxQrgCSHFQ7mAODR6oyMjuiD4/g==}

  videojs-vtt.js@0.12.6:
    resolution: {integrity: sha512-XFXeGBQiljnElMhwCcZst0RDbZn2n8LU7ZScXryd3a00OaZsHAjdZu/7/RdSr7Z1jHphd45FnOvOQkGK4YrWCQ==}

  videojs-vtt.js@0.15.5:
    resolution: {integrity: sha512-yZbBxvA7QMYn15Lr/ZfhhLPrNpI/RmCSCqgIff57GC2gIrV5YfyzLfLyZMj0NnZSAz8syB4N0nHXpZg9MyrMOQ==}

  videojs@1.0.0:
    resolution: {integrity: sha512-FwI02jJ7d4E6goWuc/4LTN5OJlD1M0jInoIoNemo4EzMfu6IywhahMXDriLObX17ML62RsHS0oiCUE9wVB6i8A==}
    deprecated: This is a placeholder package, please use the official 'video.js' package

  webwackify@0.1.6:
    resolution: {integrity: sha512-pGcw1T3HpNnM/UTRQqqRkkkzythSLts05mB+7Gr00B+0VbL0m39dFL5g20rSIEUt9Wrpw+/8k+snxRlUFHhcqA==}

  which@1.0.9:
    resolution: {integrity: sha512-E87fdQ/eRJr9W1X4wTPejNy9zTW3FI2vpCZSJ/HAY+TkjKVC0TUm1jk6vn2Z7qay0DQy0+RBGdXxj+RmmiGZKQ==}
    hasBin: true

  window-size@0.1.0:
    resolution: {integrity: sha512-1pTPQDKTdd61ozlKGNCjhNRd+KPmgLSGa3mZTHoOliaGcESD8G1PXhh7c1fgiPjVbNVfgy2Faw4BI8/m0cC8Mg==}
    engines: {node: '>= 0.8.0'}

  wordwrap@0.0.2:
    resolution: {integrity: sha512-xSBsCeh+g+dinoBv3GAOWM4LcVVO68wLXRanibtBSdUvkGWQRGeE9P7IwU9EmDDi4jA6L44lz15CGMwdw9N5+Q==}
    engines: {node: '>=0.4.0'}

  xhr@2.4.0:
    resolution: {integrity: sha512-TUbBsdAuJbX8olk9hsDwGK8P1ri1XlV+PdEWkYw+HQQbpkiBR8PLgD1F3kQDPBs9l4Px34hP9rCYAZOCCAENbw==}

  xtend@4.0.2:
    resolution: {integrity: sha512-LKYU1iAXJXUgAXn9URjiu+MWhyUXHsvfp7mcuYm9dSUKK0/CjtrUwFAxD82/mCWbtLsGjFIad0wIsod4zrTAEQ==}
    engines: {node: '>=0.4'}

  yargs@3.5.4:
    resolution: {integrity: sha512-5j382E4xQSs71p/xZQsU1PtRA2HXPAjX0E0DkoGLxwNASMOKX6A9doV1NrZmj85u2Pjquz402qonBzz/yLPbPA==}

  zlib-browserify@0.0.1:
    resolution: {integrity: sha512-fheIDCKXU0YAGZMv4FFwVTBMQRSv2ZjNqRN1VkZjetZDK/BC/hViEhasTh0kTeogcsIAl5gYE04GN53trT+cFw==}

snapshots:

  '@ampproject/remapping@2.3.0':
    dependencies:
      '@jridgewell/gen-mapping': 0.3.8
      '@jridgewell/trace-mapping': 0.3.25

  '@babel/runtime@7.26.9':
    dependencies:
      regenerator-runtime: 0.14.1

  '@jridgewell/gen-mapping@0.3.8':
    dependencies:
      '@jridgewell/set-array': 1.2.1
      '@jridgewell/sourcemap-codec': 1.5.0
      '@jridgewell/trace-mapping': 0.3.25

  '@jridgewell/resolve-uri@3.1.2': {}

  '@jridgewell/set-array@1.2.1': {}

  '@jridgewell/sourcemap-codec@1.5.0': {}

  '@jridgewell/trace-mapping@0.3.25':
    dependencies:
      '@jridgewell/resolve-uri': 3.1.2
      '@jridgewell/sourcemap-codec': 1.5.0

  '@stencil/core@2.5.2': {}

  '@types/estree@1.0.6': {}

  '@types/fscreen@1.0.4': {}

  '@videojs/http-streaming@3.15.0(video.js@8.21.0)':
    dependencies:
      '@babel/runtime': 7.26.9
      '@videojs/vhs-utils': 4.1.1
      aes-decrypter: 4.0.2
      global: 4.4.0
      m3u8-parser: 7.2.0
      mpd-parser: 1.3.1
      mux.js: 7.0.3
      video.js: 8.21.0

  '@videojs/http-streaming@3.17.0(video.js@8.21.0)':
    dependencies:
      '@babel/runtime': 7.26.9
      '@videojs/vhs-utils': 4.1.1
      aes-decrypter: 4.0.2
      global: 4.4.0
      m3u8-parser: 7.2.0
      mpd-parser: 1.3.1
      mux.js: 7.1.0
      video.js: 8.21.0

  '@videojs/themes@1.0.1':
    dependencies:
      postcss-inline-svg: 4.1.0

  '@videojs/vhs-utils@4.1.1':
    dependencies:
      '@babel/runtime': 7.26.9
      global: 4.4.0

  '@videojs/xhr@2.7.0':
    dependencies:
      '@babel/runtime': 7.26.9
      global: 4.4.0
      is-function: 1.0.2

  '@vime/core@5.4.1':
    dependencies:
      '@stencil/core': 2.5.2
      '@types/fscreen': 1.0.4
      fscreen: 1.2.0
      mitt: 3.0.1
      stencil-wormhole: 3.4.1

  '@vime/svelte@5.4.1(@vime/core@5.4.1)(svelte@4.2.19)':
    dependencies:
      '@vime/core': 5.4.1
      svelte: 4.2.19

  '@xmldom/xmldom@0.8.10': {}

  abbrev@1.1.1: {}

  acorn@8.14.0: {}

  aes-decrypter@1.0.3:
    dependencies:
      pkcs7: 0.2.3

  aes-decrypter@4.0.2:
    dependencies:
      '@babel/runtime': 7.26.9
      '@videojs/vhs-utils': 4.1.1
      global: 4.4.0
      pkcs7: 1.0.4

  amdefine@1.0.1: {}

  argparse@0.1.16:
    dependencies:
      underscore: 1.7.0
      underscore.string: 2.4.0

  aria-query@5.3.2: {}

  async@0.1.22: {}

  async@0.2.10: {}

  axobject-query@4.1.0: {}

  babel-runtime@6.26.0:
    dependencies:
      core-js: 2.6.12
      regenerator-runtime: 0.11.1

  boolbase@1.0.0: {}

  camelcase@1.2.1: {}

  code-red@1.0.4:
    dependencies:
      '@jridgewell/sourcemap-codec': 1.5.0
      '@types/estree': 1.0.6
      acorn: 8.14.0
      estree-walker: 3.0.3
      periscopic: 3.1.0

  coffee-script@1.3.3: {}

  colors@0.6.2: {}

  core-js@2.6.12: {}

  core-js@3.41.0: {}

  css-select@2.1.0:
    dependencies:
      boolbase: 1.0.0
      css-what: 3.4.2
      domutils: 1.7.0
      nth-check: 1.0.2

  css-tree@2.3.1:
    dependencies:
      mdn-data: 2.0.30
      source-map-js: 1.2.1

  css-what@3.4.2: {}

  custom-event-polyfill@1.0.7: {}

  dateformat@1.0.2-1.2.3: {}

  decamelize@1.2.0: {}

  dom-serializer@0.1.1:
    dependencies:
      domelementtype: 1.3.1
      entities: 1.1.2

  dom-walk@0.1.2: {}

  domelementtype@1.3.1: {}

  domhandler@2.4.2:
    dependencies:
      domelementtype: 1.3.1

  domutils@1.7.0:
    dependencies:
      dom-serializer: 0.1.1
      domelementtype: 1.3.1

  eme-encryption-scheme-polyfill@2.2.1: {}

  entities@1.1.2: {}

  es5-shim@4.6.7: {}

  esprima@1.0.4: {}

  estree-walker@3.0.3:
    dependencies:
      '@types/estree': 1.0.6

  eventemitter2@0.4.14: {}

  exit@0.1.2: {}

  findup-sync@0.1.3:
    dependencies:
      glob: 3.2.11
      lodash: 2.4.2

  fscreen@1.2.0: {}

  getobject@0.1.0: {}

  glob@3.1.21:
    dependencies:
      graceful-fs: 1.2.3
      inherits: 1.0.2
      minimatch: 0.2.14

  glob@3.2.11:
    dependencies:
      inherits: 2.0.4
      minimatch: 0.3.0

  global@4.3.2:
    dependencies:
      min-document: 2.19.0
      process: 0.5.2

  global@4.4.0:
    dependencies:
      min-document: 2.19.0
      process: 0.11.10

  graceful-fs@1.2.3: {}

  grunt-contrib-uglify@0.2.7(grunt@0.4.5):
    dependencies:
      grunt: 0.4.5
      grunt-lib-contrib: 0.6.1
      uglify-js: 2.4.24

  grunt-legacy-log-utils@0.1.1:
    dependencies:
      colors: 0.6.2
      lodash: 2.4.2
      underscore.string: 2.3.3

  grunt-legacy-log@0.1.3:
    dependencies:
      colors: 0.6.2
      grunt-legacy-log-utils: 0.1.1
      hooker: 0.2.3
      lodash: 2.4.2
      underscore.string: 2.3.3

  grunt-legacy-util@0.2.0:
    dependencies:
      async: 0.1.22
      exit: 0.1.2
      getobject: 0.1.0
      hooker: 0.2.3
      lodash: 0.9.2
      underscore.string: 2.2.1
      which: 1.0.9

  grunt-lib-contrib@0.6.1:
    dependencies:
      zlib-browserify: 0.0.1

  grunt@0.4.5:
    dependencies:
      async: 0.1.22
      coffee-script: 1.3.3
      colors: 0.6.2
      dateformat: 1.0.2-1.2.3
      eventemitter2: 0.4.14
      exit: 0.1.2
      findup-sync: 0.1.3
      getobject: 0.1.0
      glob: 3.1.21
      grunt-legacy-log: 0.1.3
      grunt-legacy-util: 0.2.0
      hooker: 0.2.3
      iconv-lite: 0.2.11
      js-yaml: 2.0.5
      lodash: 0.9.2
      minimatch: 0.2.14
      nopt: 1.0.10
      rimraf: 2.2.8
      underscore.string: 2.2.1
      which: 1.0.9

  hooker@0.2.3: {}

  htmlparser2@3.10.1:
    dependencies:
      domelementtype: 1.3.1
      domhandler: 2.4.2
      domutils: 1.7.0
      entities: 1.1.2
      inherits: 2.0.4
      readable-stream: 3.6.2

  iconv-lite@0.2.11: {}

  individual@2.0.0: {}

  inherits@1.0.2: {}

  inherits@2.0.4: {}

  is-function@1.0.2: {}

  is-reference@3.0.3:
    dependencies:
      '@types/estree': 1.0.6

  jb-videojs-hls-quality-selector@2.0.2:
    dependencies:
      global: 4.4.0
      video.js: 8.21.0

  js-yaml@2.0.5:
    dependencies:
      argparse: 0.1.16
      esprima: 1.0.4

  loadjs@4.3.0: {}

  locate-character@3.0.0: {}

  lodash@0.9.2: {}

  lodash@2.4.2: {}

  lru-cache@2.7.3: {}

  m3u8-parser@2.1.0: {}

  m3u8-parser@7.2.0:
    dependencies:
      '@babel/runtime': 7.26.9
      '@videojs/vhs-utils': 4.1.1
      global: 4.4.0

  magic-string@0.30.17:
    dependencies:
      '@jridgewell/sourcemap-codec': 1.5.0

  mdn-data@2.0.30: {}

  min-document@2.19.0:
    dependencies:
      dom-walk: 0.1.2

  minimatch@0.2.14:
    dependencies:
      lru-cache: 2.7.3
      sigmund: 1.0.1

  minimatch@0.3.0:
    dependencies:
      lru-cache: 2.7.3
      sigmund: 1.0.1

  mitt@3.0.1: {}

  mpd-parser@1.3.1:
    dependencies:
      '@babel/runtime': 7.26.9
      '@videojs/vhs-utils': 4.1.1
      '@xmldom/xmldom': 0.8.10
      global: 4.4.0

  mux.js@4.3.2: {}

  mux.js@7.0.3:
    dependencies:
      '@babel/runtime': 7.26.9
      global: 4.4.0

  mux.js@7.1.0:
    dependencies:
      '@babel/runtime': 7.26.9
      global: 4.4.0

  nopt@1.0.10:
    dependencies:
      abbrev: 1.1.1

  nth-check@1.0.2:
    dependencies:
      boolbase: 1.0.0

  parse-headers@2.0.5: {}

  periscopic@3.1.0:
    dependencies:
      '@types/estree': 1.0.6
      estree-walker: 3.0.3
      is-reference: 3.0.3

  picocolors@0.2.1: {}

  pkcs7@0.2.3: {}

  pkcs7@1.0.4:
    dependencies:
      '@babel/runtime': 7.26.9

  plyr@3.7.8:
    dependencies:
      core-js: 3.41.0
      custom-event-polyfill: 1.0.7
      loadjs: 4.3.0
      rangetouch: 2.0.1
      url-polyfill: 1.1.13

  postcss-inline-svg@4.1.0:
    dependencies:
      css-select: 2.1.0
      dom-serializer: 0.1.1
      htmlparser2: 3.10.1
      postcss: 7.0.39
      postcss-value-parser: 4.2.0

  postcss-value-parser@4.2.0: {}

  postcss@7.0.39:
    dependencies:
      picocolors: 0.2.1
      source-map: 0.6.1

  process@0.11.10: {}

  process@0.5.2: {}

  rangetouch@2.0.1: {}

  readable-stream@3.6.2:
    dependencies:
      inherits: 2.0.4
      string_decoder: 1.3.0
      util-deprecate: 1.0.2

  regenerator-runtime@0.11.1: {}

  regenerator-runtime@0.14.1: {}

  rimraf@2.2.8: {}

  rust-result@1.0.0:
    dependencies:
      individual: 2.0.0

  safe-buffer@5.2.1: {}

  safe-json-parse@4.0.0:
    dependencies:
      rust-result: 1.0.0

  shaka-player@4.13.6:
    dependencies:
      eme-encryption-scheme-polyfill: 2.2.1

  sigmund@1.0.1: {}

  source-map-js@1.2.1: {}

  source-map@0.1.34:
    dependencies:
      amdefine: 1.0.1

  source-map@0.6.1: {}

  stencil-wormhole@3.4.1: {}

  string_decoder@1.3.0:
    dependencies:
      safe-buffer: 5.2.1

  svelte@4.2.19:
    dependencies:
      '@ampproject/remapping': 2.3.0
      '@jridgewell/sourcemap-codec': 1.5.0
      '@jridgewell/trace-mapping': 0.3.25
      '@types/estree': 1.0.6
      acorn: 8.14.0
      aria-query: 5.3.2
      axobject-query: 4.1.0
      code-red: 1.0.4
      css-tree: 2.3.1
      estree-walker: 3.0.3
      is-reference: 3.0.3
      locate-character: 3.0.0
      magic-string: 0.30.17
      periscopic: 3.1.0

  tsml@1.0.1: {}

  uglify-js@2.4.24:
    dependencies:
      async: 0.2.10
      source-map: 0.1.34
      uglify-to-browserify: 1.0.2
      yargs: 3.5.4

  uglify-to-browserify@1.0.2: {}

  underscore.string@2.2.1: {}

  underscore.string@2.3.3: {}

  underscore.string@2.4.0: {}

  underscore@1.7.0: {}

  url-polyfill@1.1.13: {}

  url-toolkit@2.2.5: {}

  util-deprecate@1.0.2: {}

  video.js@6.13.0:
    dependencies:
      babel-runtime: 6.26.0
      global: 4.3.2
      safe-json-parse: 4.0.0
      tsml: 1.0.1
      videojs-font: 2.1.0
      videojs-ie8: 1.1.2
      videojs-vtt.js: 0.12.6
      xhr: 2.4.0

  video.js@8.21.0:
    dependencies:
      '@babel/runtime': 7.26.9
      '@videojs/http-streaming': 3.17.0(video.js@8.21.0)
      '@videojs/vhs-utils': 4.1.1
      '@videojs/xhr': 2.7.0
      aes-decrypter: 4.0.2
      global: 4.4.0
      m3u8-parser: 7.2.0
      mpd-parser: 1.3.1
      mux.js: 7.1.0
      videojs-contrib-quality-levels: 4.1.0(video.js@8.21.0)
      videojs-font: 4.2.0
      videojs-vtt.js: 0.15.5

  videojs-contrib-hls@5.15.0:
    dependencies:
      aes-decrypter: 1.0.3
      global: 4.4.0
      m3u8-parser: 2.1.0
      mux.js: 4.3.2
      url-toolkit: 2.2.5
      video.js: 6.13.0
      videojs-contrib-media-sources: 4.7.2
      webwackify: 0.1.6

  videojs-contrib-media-sources@4.7.2:
    dependencies:
      global: 4.4.0
      mux.js: 4.3.2
      video.js: 6.13.0
      webwackify: 0.1.6

  videojs-contrib-quality-levels@4.1.0(video.js@8.21.0):
    dependencies:
      global: 4.4.0
      video.js: 8.21.0

  videojs-font@2.1.0: {}

  videojs-font@4.2.0: {}

  videojs-hls-quality-selector@2.0.0:
    dependencies:
      global: 4.4.0
      video.js: 8.21.0

  videojs-ie8@1.1.2:
    dependencies:
      es5-shim: 4.6.7

  videojs-vtt.js@0.12.6:
    dependencies:
      global: 4.4.0

  videojs-vtt.js@0.15.5:
    dependencies:
      global: 4.4.0

  videojs@1.0.0(grunt@0.4.5):
    dependencies:
      grunt-contrib-uglify: 0.2.7(grunt@0.4.5)
    transitivePeerDependencies:
      - grunt

  webwackify@0.1.6: {}

  which@1.0.9: {}

  window-size@0.1.0: {}

  wordwrap@0.0.2: {}

  xhr@2.4.0:
    dependencies:
      global: 4.3.2
      is-function: 1.0.2
      parse-headers: 2.0.5
      xtend: 4.0.2

  xtend@4.0.2: {}

  yargs@3.5.4:
    dependencies:
      camelcase: 1.2.1
      decamelize: 1.2.0
      window-size: 0.1.0
      wordwrap: 0.0.2

  zlib-browserify@0.0.1: {}
