{
  "name": "@anticrm/dev-server-app",
  "version": "0.6.0",
  "lockfileVersion": 1,
  "requires": true,
  "dependencies": {
    "@anticrm/core": {
      "version": "0.6.6",
      "resolved": "https://registry.npmjs.org/@anticrm/core/-/core-0.6.6.tgz",
      "integrity": "sha512-meVZkivRhe9RxbHz/xU69rdhPOIsQ4f+Bv1Edm5mifXT7zw8x6m6BZGtgWvRXoyHfBF9HbY1MjXcMGbkLFQrsg==",
      "requires": {
        "@anticrm/platform": "~0.6.2",
        "simplytyped": "^3.3.0"
      }
    },
    "@anticrm/dev-server": {
      "version": "0.6.4",
      "resolved": "https://registry.npmjs.org/@anticrm/dev-server/-/dev-server-0.6.4.tgz",
      "integrity": "sha512-ftkMubfIMUrIXrvs94Lw7q3h2SZMFjOZlzp7KI0zg+82+mTlk9AArVslfF1/qkYa8tpEkcG6tpUgX0FJ2CTt5A==",
      "requires": {
        "@anticrm/core": "~0.6.6",
        "@anticrm/dev-storage": "~0.6.2",
        "@anticrm/platform": "~0.6.2",
        "@anticrm/server-ws": "~0.6.3"
      }
    },
    "@anticrm/dev-storage": {
      "version": "0.6.2",
      "resolved": "https://registry.npmjs.org/@anticrm/dev-storage/-/dev-storage-0.6.2.tgz",
      "integrity": "sha512-wOErKrAifettQRx++g1WNuMxFVZbmQf/hevQrLNs1SATkbNVRJe2jY8G1mp8NA9/n+jwoNAlld801BNKnrqalg==",
      "requires": {
        "@anticrm/core": "~0.6.6",
        "@anticrm/platform": "~0.6.2"
      }
    },
    "@anticrm/platform": {
      "version": "0.6.2",
      "resolved": "https://registry.npmjs.org/@anticrm/platform/-/platform-0.6.2.tgz",
      "integrity": "sha512-gwydRte9+C01y1mFIykjT1jluDP9GNAI7q8kES76vusa6LX7EIMnFyN1asA8HkHaAJquUjxOBQygMDXT1R1EMQ==",
      "requires": {
        "intl-messageformat": "^9.7.1"
      }
    },
    "@anticrm/server-ws": {
      "version": "0.6.3",
      "resolved": "https://registry.npmjs.org/@anticrm/server-ws/-/server-ws-0.6.3.tgz",
      "integrity": "sha512-kiPZnTgzkVxVlakcOmH8HMaPCjZX50jW39ZzlLd1r2qDJv548AZjPS3M1mb/qJkJoZhOXhUUavNUSjxfaYuggg==",
      "requires": {
        "@anticrm/platform": "~0.6.2",
        "jwt-simple": "^0.5.6",
        "ws": "^8.0.0"
      }
    },
    "@formatjs/ecma402-abstract": {
      "version": "1.9.5",
      "resolved": "https://registry.npmjs.org/@formatjs/ecma402-abstract/-/ecma402-abstract-1.9.5.tgz",
      "integrity": "sha512-cGpEBzrf9bL2lTMEuRZ3gjLrEUEucxAXDIdX4tNqNdNZO81ZN558BfjiFfyPgrhILEuJU/+sgLwWxddSn6usHw==",
      "requires": {
        "@formatjs/intl-localematcher": "0.2.18",
        "tslib": "^2.1.0"
      }
    },
    "@formatjs/fast-memoize": {
      "version": "1.1.1",
      "resolved": "https://registry.npmjs.org/@formatjs/fast-memoize/-/fast-memoize-1.1.1.tgz",
      "integrity": "sha512-mIqBr5uigIlx13eZTOPSEh2buDiy3BCdMYUtewICREQjbb4xarDiVWoXSnrERM7NanZ+0TAHNXSqDe6HpEFQUg=="
    },
    "@formatjs/icu-messageformat-parser": {
      "version": "2.0.8",
      "resolved": "https://registry.npmjs.org/@formatjs/icu-messageformat-parser/-/icu-messageformat-parser-2.0.8.tgz",
      "integrity": "sha512-fZlQ7ls3eQswO4RFB0lSi+ritPvud0Z2EQB6SU8qI5+MIS4qU4AHjq/dFJNvhdEdmJqLWHe31K4yHaRdavkSQQ==",
      "requires": {
        "@formatjs/ecma402-abstract": "1.9.5",
        "@formatjs/icu-skeleton-parser": "1.2.9",
        "tslib": "^2.1.0"
      }
    },
    "@formatjs/icu-skeleton-parser": {
      "version": "1.2.9",
      "resolved": "https://registry.npmjs.org/@formatjs/icu-skeleton-parser/-/icu-skeleton-parser-1.2.9.tgz",
      "integrity": "sha512-cx8Ug1gxRtv0rRddWd6dt5Sn/BhnhktSHvokbmLUVOEp2dy/6Ehvv2e00wow28AaSIzvBvM6ew1Qwe9wzDzcOw==",
      "requires": {
        "@formatjs/ecma402-abstract": "1.9.5",
        "tslib": "^2.1.0"
      }
    },
    "@formatjs/intl-localematcher": {
      "version": "0.2.18",
      "resolved": "https://registry.npmjs.org/@formatjs/intl-localematcher/-/intl-localematcher-0.2.18.tgz",
      "integrity": "sha512-xI9X+mi7wbucbh35GNTY+C0+oMJXAp8ueC73SOyJlBpRNjLuOlSwgw3yJaCZxy3WpjcRBCP0laJ5zlpITO0QpA==",
      "requires": {
        "tslib": "^2.1.0"
      }
    },
    "intl-messageformat": {
      "version": "9.8.1",
      "resolved": "https://registry.npmjs.org/intl-messageformat/-/intl-messageformat-9.8.1.tgz",
      "integrity": "sha512-2rSZQu8GmLOlxNiehRvxWjkIqzemW833zm8ZS63JNvSpSuGnpqSWRqqwqv1kEBto/97/UBjtWy14m/CIdwVqFg==",
      "requires": {
        "@formatjs/fast-memoize": "1.1.1",
        "@formatjs/icu-messageformat-parser": "2.0.8",
        "tslib": "^2.1.0"
      }
    },
    "jwt-simple": {
      "version": "0.5.6",
      "resolved": "https://registry.npmjs.org/jwt-simple/-/jwt-simple-0.5.6.tgz",
      "integrity": "sha512-40aUybvhH9t2h71ncA1/1SbtTNCVZHgsTsTgqPUxGWDmUDrXyDf2wMNQKEbdBjbf4AI+fQhbECNTV6lWxQKUzg=="
    },
    "simplytyped": {
      "version": "3.3.0",
      "resolved": "https://registry.npmjs.org/simplytyped/-/simplytyped-3.3.0.tgz",
      "integrity": "sha512-mz4RaNdKTZiaKXgi6P1k/cdsxV3gz+y1Wh2NXHWD40dExktLh4Xx/h6MFakmQWODZHj/2rKe59acacpL74ZhQA=="
    },
    "tslib": {
      "version": "2.3.0",
      "resolved": "https://registry.npmjs.org/tslib/-/tslib-2.3.0.tgz",
      "integrity": "sha512-N82ooyxVNm6h1riLCoyS9e3fuJ3AMG2zIZs2Gd1ATcSFjSA23Q0fzjjZeh0jbJvWVDZ0cJT8yaNNaaXHzueNjg=="
    },
    "ws": {
      "version": "8.0.0",
      "resolved": "https://registry.npmjs.org/ws/-/ws-8.0.0.tgz",
      "integrity": "sha512-6AcSIXpBlS0QvCVKk+3cWnWElLsA6SzC0lkQ43ciEglgXJXiCWK3/CGFEJ+Ybgp006CMibamAsqOlxE9s4AvYA=="
    }
  }
}
