lockfileVersion: '9.0'

settings:
  autoInstallPeers: true
  excludeLinksFromLockfile: false

importers:

  .:
    dependencies:
      plyr:
        specifier: ^3.7.8
        version: 3.7.8

packages:

  core-js@3.41.0:
    resolution: {integrity: sha512-SJ4/EHwS36QMJd6h/Rg+GyR4A5xE0FSI3eZ+iBVpfqf1x0eTSg1smWLHrA+2jQThZSh97fmSgFSU8B61nxosxA==}

  custom-event-polyfill@1.0.7:
    resolution: {integrity: sha512-TDDkd5DkaZxZFM8p+1I3yAlvM3rSr1wbrOliG4yJiwinMZN8z/iGL7BTlDkrJcYTmgUSb4ywVCc3ZaUtOtC76w==}

  loadjs@4.3.0:
    resolution: {integrity: sha512-vNX4ZZLJBeDEOBvdr2v/F+0aN5oMuPu7JTqrMwp+DtgK+AryOlpy6Xtm2/HpNr+azEa828oQjOtWsB6iDtSfSQ==}

  plyr@3.7.8:
    resolution: {integrity: sha512-yG/EHDobwbB/uP+4Bm6eUpJ93f8xxHjjk2dYcD1Oqpe1EcuQl5tzzw9Oq+uVAzd2lkM11qZfydSiyIpiB8pgdA==}

  rangetouch@2.0.1:
    resolution: {integrity: sha512-sln+pNSc8NGaHoLzwNBssFSf/rSYkqeBXzX1AtJlkJiUaVSJSbRAWJk+4omsXkN+EJalzkZhWQ3th1m0FpR5xA==}

  url-polyfill@1.1.13:
    resolution: {integrity: sha512-tXzkojrv2SujumYthZ/WjF7jaSfNhSXlYMpE5AYdL2I3D7DCeo+mch8KtW2rUuKjDg+3VXODXHVgipt8yGY/eQ==}

snapshots:

  core-js@3.41.0: {}

  custom-event-polyfill@1.0.7: {}

  loadjs@4.3.0: {}

  plyr@3.7.8:
    dependencies:
      core-js: 3.41.0
      custom-event-polyfill: 1.0.7
      loadjs: 4.3.0
      rangetouch: 2.0.1
      url-polyfill: 1.1.13

  rangetouch@2.0.1: {}

  url-polyfill@1.1.13: {}
